// !$*UTF8*$!
{
	archiveVersion = 1;
	classes = {
	};
	objectVersion = 56;
	objects = {

/* Begin PBXBuildFile section */
		C2AECA192BE0D4140016177C /* AppDelegate.swift in Sources */ = {isa = PBXBuildFile; fileRef = C2AECA182BE0D4140016177C /* AppDelegate.swift */; };
		C2AECA1B2BE0D4140016177C /* SceneDelegate.swift in Sources */ = {isa = PBXBuildFile; fileRef = C2AECA1A2BE0D4140016177C /* SceneDelegate.swift */; };
		C2AECA1D2BE0D4140016177C /* ViewController.swift in Sources */ = {isa = PBXBuildFile; fileRef = C2AECA1C2BE0D4140016177C /* ViewController.swift */; };
		C2AECA222BE0D4160016177C /* Assets.xcassets in Resources */ = {isa = PBXBuildFile; fileRef = C2AECA212BE0D4160016177C /* Assets.xcassets */; };
		C2AECA252BE0D4160016177C /* Base in Resources */ = {isa = PBXBuildFile; fileRef = C2AECA242BE0D4160016177C /* Base */; };
		C2AECA2E2BE0D4C30016177C /* RxBlocking in Frameworks */ = {isa = PBXBuildFile; productRef = C2AECA2D2BE0D4C30016177C /* RxBlocking */; };
		C2AECA302BE0D4C30016177C /* RxCocoa in Frameworks */ = {isa = PBXBuildFile; productRef = C2AECA2F2BE0D4C30016177C /* RxCocoa */; };
		C2AECA322BE0D4C30016177C /* RxSwift in Frameworks */ = {isa = PBXBuildFile; productRef = C2AECA312BE0D4C30016177C /* RxSwift */; };
		C2AECA352BE0D4F40016177C /* CombineMoya in Frameworks */ = {isa = PBXBuildFile; productRef = C2AECA342BE0D4F40016177C /* CombineMoya */; };
		C2AECA372BE0D4F40016177C /* Moya in Frameworks */ = {isa = PBXBuildFile; productRef = C2AECA362BE0D4F40016177C /* Moya */; };
		C2AECA392BE0D4F40016177C /* RxMoya in Frameworks */ = {isa = PBXBuildFile; productRef = C2AECA382BE0D4F40016177C /* RxMoya */; };
		C2AECA3C2BE0D5630016177C /* Kingfisher in Frameworks */ = {isa = PBXBuildFile; productRef = C2AECA3B2BE0D5630016177C /* Kingfisher */; };
		C2AECA3E2BE0D78B0016177C /* ViewModel.swift in Sources */ = {isa = PBXBuildFile; fileRef = C2AECA3D2BE0D78B0016177C /* ViewModel.swift */; };
		C2AECA402BE0D7A50016177C /* CollectionCell.swift in Sources */ = {isa = PBXBuildFile; fileRef = C2AECA3F2BE0D7A50016177C /* CollectionCell.swift */; };
/* End PBXBuildFile section */

/* Begin PBXFileReference section */
		C2AECA152BE0D4140016177C /* MVVM.app */ = {isa = PBXFileReference; explicitFileType = wrapper.application; includeInIndex = 0; path = MVVM.app; sourceTree = BUILT_PRODUCTS_DIR; };
		C2AECA182BE0D4140016177C /* AppDelegate.swift */ = {isa = PBXFileReference; lastKnownFileType = sourcecode.swift; path = AppDelegate.swift; sourceTree = "<group>"; };
		C2AECA1A2BE0D4140016177C /* SceneDelegate.swift */ = {isa = PBXFileReference; lastKnownFileType = sourcecode.swift; path = SceneDelegate.swift; sourceTree = "<group>"; };
		C2AECA1C2BE0D4140016177C /* ViewController.swift */ = {isa = PBXFileReference; lastKnownFileType = sourcecode.swift; path = ViewController.swift; sourceTree = "<group>"; };
		C2AECA212BE0D4160016177C /* Assets.xcassets */ = {isa = PBXFileReference; lastKnownFileType = folder.assetcatalog; path = Assets.xcassets; sourceTree = "<group>"; };
		C2AECA242BE0D4160016177C /* Base */ = {isa = PBXFileReference; lastKnownFileType = file.storyboard; name = Base; path = Base.lproj/LaunchScreen.storyboard; sourceTree = "<group>"; };
		C2AECA262BE0D4160016177C /* Info.plist */ = {isa = PBXFileReference; lastKnownFileType = text.plist.xml; path = Info.plist; sourceTree = "<group>"; };
		C2AECA3D2BE0D78B0016177C /* ViewModel.swift */ = {isa = PBXFileReference; lastKnownFileType = sourcecode.swift; path = ViewModel.swift; sourceTree = "<group>"; };
		C2AECA3F2BE0D7A50016177C /* CollectionCell.swift */ = {isa = PBXFileReference; lastKnownFileType = sourcecode.swift; path = CollectionCell.swift; sourceTree = "<group>"; };
/* End PBXFileReference section */

/* Begin PBXFrameworksBuildPhase section */
		C2AECA122BE0D4130016177C /* Frameworks */ = {
			isa = PBXFrameworksBuildPhase;
			buildActionMask = 2147483647;
			files = (
				C2AECA392BE0D4F40016177C /* RxMoya in Frameworks */,
				C2AECA322BE0D4C30016177C /* RxSwift in Frameworks */,
				C2AECA3C2BE0D5630016177C /* Kingfisher in Frameworks */,
				C2AECA302BE0D4C30016177C /* RxCocoa in Frameworks */,
				C2AECA352BE0D4F40016177C /* CombineMoya in Frameworks */,
				C2AECA372BE0D4F40016177C /* Moya in Frameworks */,
				C2AECA2E2BE0D4C30016177C /* RxBlocking in Frameworks */,
			);
			runOnlyForDeploymentPostprocessing = 0;
		};
/* End PBXFrameworksBuildPhase section */

/* Begin PBXGroup section */
		C2AECA0C2BE0D4130016177C = {
			isa = PBXGroup;
			children = (
				C2AECA172BE0D4140016177C /* MVVM */,
				C2AECA162BE0D4140016177C /* Products */,
			);
			sourceTree = "<group>";
		};
		C2AECA162BE0D4140016177C /* Products */ = {
			isa = PBXGroup;
			children = (
				C2AECA152BE0D4140016177C /* MVVM.app */,
			);
			name = Products;
			sourceTree = "<group>";
		};
		C2AECA172BE0D4140016177C /* MVVM */ = {
			isa = PBXGroup;
			children = (
				C2AECA182BE0D4140016177C /* AppDelegate.swift */,
				C2AECA1A2BE0D4140016177C /* SceneDelegate.swift */,
				C2AECA1C2BE0D4140016177C /* ViewController.swift */,
				C2AECA212BE0D4160016177C /* Assets.xcassets */,
				C2AECA232BE0D4160016177C /* LaunchScreen.storyboard */,
				C2AECA262BE0D4160016177C /* Info.plist */,
				C2AECA3D2BE0D78B0016177C /* ViewModel.swift */,
				C2AECA3F2BE0D7A50016177C /* CollectionCell.swift */,
			);
			path = MVVM;
			sourceTree = "<group>";
		};
/* End PBXGroup section */

/* Begin PBXNativeTarget section */
		C2AECA142BE0D4130016177C /* MVVM */ = {
			isa = PBXNativeTarget;
			buildConfigurationList = C2AECA292BE0D4160016177C /* Build configuration list for PBXNativeTarget "MVVM" */;
			buildPhases = (
				C2AECA112BE0D4130016177C /* Sources */,
				C2AECA122BE0D4130016177C /* Frameworks */,
				C2AECA132BE0D4130016177C /* Resources */,
			);
			buildRules = (
			);
			dependencies = (
			);
			name = MVVM;
			packageProductDependencies = (
				C2AECA2D2BE0D4C30016177C /* RxBlocking */,
				C2AECA2F2BE0D4C30016177C /* RxCocoa */,
				C2AECA312BE0D4C30016177C /* RxSwift */,
				C2AECA342BE0D4F40016177C /* CombineMoya */,
				C2AECA362BE0D4F40016177C /* Moya */,
				C2AECA382BE0D4F40016177C /* RxMoya */,
				C2AECA3B2BE0D5630016177C /* Kingfisher */,
			);
			productName = MVVM;
			productReference = C2AECA152BE0D4140016177C /* MVVM.app */;
			productType = "com.apple.product-type.application";
		};
/* End PBXNativeTarget section */

/* Begin PBXProject section */
		C2AECA0D2BE0D4130016177C /* Project object */ = {
			isa = PBXProject;
			attributes = {
				BuildIndependentTargetsInParallel = 1;
				LastSwiftUpdateCheck = 1530;
				LastUpgradeCheck = 1530;
				TargetAttributes = {
					C2AECA142BE0D4130016177C = {
						CreatedOnToolsVersion = 15.3;
					};
				};
			};
			buildConfigurationList = C2AECA102BE0D4130016177C /* Build configuration list for PBXProject "MVVM" */;
			compatibilityVersion = "Xcode 14.0";
			developmentRegion = en;
			hasScannedForEncodings = 0;
			knownRegions = (
				en,
				Base,
			);
			mainGroup = C2AECA0C2BE0D4130016177C;
			packageReferences = (
				C2AECA2C2BE0D4C30016177C /* XCRemoteSwiftPackageReference "RxSwift" */,
				C2AECA332BE0D4F40016177C /* XCRemoteSwiftPackageReference "Moya" */,
				C2AECA3A2BE0D5630016177C /* XCRemoteSwiftPackageReference "Kingfisher" */,
			);
			productRefGroup = C2AECA162BE0D4140016177C /* Products */;
			projectDirPath = "";
			projectRoot = "";
			targets = (
				C2AECA142BE0D4130016177C /* MVVM */,
			);
		};
/* End PBXProject section */

/* Begin PBXResourcesBuildPhase section */
		C2AECA132BE0D4130016177C /* Resources */ = {
			isa = PBXResourcesBuildPhase;
			buildActionMask = 2147483647;
			files = (
				C2AECA222BE0D4160016177C /* Assets.xcassets in Resources */,
				C2AECA252BE0D4160016177C /* Base in Resources */,
			);
			runOnlyForDeploymentPostprocessing = 0;
		};
/* End PBXResourcesBuildPhase section */

/* Begin PBXSourcesBuildPhase section */
		C2AECA112BE0D4130016177C /* Sources */ = {
			isa = PBXSourcesBuildPhase;
			buildActionMask = 2147483647;
			files = (
				C2AECA1D2BE0D4140016177C /* ViewController.swift in Sources */,
				C2AECA192BE0D4140016177C /* AppDelegate.swift in Sources */,
				C2AECA3E2BE0D78B0016177C /* ViewModel.swift in Sources */,
				C2AECA1B2BE0D4140016177C /* SceneDelegate.swift in Sources */,
				C2AECA402BE0D7A50016177C /* CollectionCell.swift in Sources */,
			);
			runOnlyForDeploymentPostprocessing = 0;
		};
/* End PBXSourcesBuildPhase section */

/* Begin PBXVariantGroup section */
		C2AECA232BE0D4160016177C /* LaunchScreen.storyboard */ = {
			isa = PBXVariantGroup;
			children = (
				C2AECA242BE0D4160016177C /* Base */,
			);
			name = LaunchScreen.storyboard;
			sourceTree = "<group>";
		};
/* End PBXVariantGroup section */

/* Begin XCBuildConfiguration section */
		C2AECA272BE0D4160016177C /* Debug */ = {
			isa = XCBuildConfiguration;
			buildSettings = {
				ALWAYS_SEARCH_USER_PATHS = NO;
				ASSETCATALOG_COMPILER_GENERATE_SWIFT_ASSET_SYMBOL_EXTENSIONS = YES;
				CLANG_ANALYZER_NONNULL = YES;
				CLANG_ANALYZER_NUMBER_OBJECT_CONVERSION = YES_AGGRESSIVE;
				CLANG_CXX_LANGUAGE_STANDARD = "gnu++20";
				CLANG_ENABLE_MODULES = YES;
				CLANG_ENABLE_OBJC_ARC = YES;
				CLANG_ENABLE_OBJC_WEAK = YES;
				CLANG_WARN_BLOCK_CAPTURE_AUTORELEASING = YES;
				CLANG_WARN_BOOL_CONVERSION = YES;
				CLANG_WARN_COMMA = YES;
				CLANG_WARN_CONSTANT_CONVERSION = YES;
				CLANG_WARN_DEPRECATED_OBJC_IMPLEMENTATIONS = YES;
				CLANG_WARN_DIRECT_OBJC_ISA_USAGE = YES_ERROR;
				CLANG_WARN_DOCUMENTATION_COMMENTS = YES;
				CLANG_WARN_EMPTY_BODY = YES;
				CLANG_WARN_ENUM_CONVERSION = YES;
				CLANG_WARN_INFINITE_RECURSION = YES;
				CLANG_WARN_INT_CONVERSION = YES;
				CLANG_WARN_NON_LITERAL_NULL_CONVERSION = YES;
				CLANG_WARN_OBJC_IMPLICIT_RETAIN_SELF = YES;
				CLANG_WARN_OBJC_LITERAL_CONVERSION = YES;
				CLANG_WARN_OBJC_ROOT_CLASS = YES_ERROR;
				CLANG_WARN_QUOTED_INCLUDE_IN_FRAMEWORK_HEADER = YES;
				CLANG_WARN_RANGE_LOOP_ANALYSIS = YES;
				CLANG_WARN_STRICT_PROTOTYPES = YES;
				CLANG_WARN_SUSPICIOUS_MOVE = YES;
				CLANG_WARN_UNGUARDED_AVAILABILITY = YES_AGGRESSIVE;
				CLANG_WARN_UNREACHABLE_CODE = YES;
				CLANG_WARN__DUPLICATE_METHOD_MATCH = YES;
				COPY_PHASE_STRIP = NO;
				DEBUG_INFORMATION_FORMAT = dwarf;
				ENABLE_STRICT_OBJC_MSGSEND = YES;
				ENABLE_TESTABILITY = YES;
				ENABLE_USER_SCRIPT_SANDBOXING = YES;
				GCC_C_LANGUAGE_STANDARD = gnu17;
				GCC_DYNAMIC_NO_PIC = NO;
				GCC_NO_COMMON_BLOCKS = YES;
				GCC_OPTIMIZATION_LEVEL = 0;
				GCC_PREPROCESSOR_DEFINITIONS = (
					"DEBUG=1",
					"$(inherited)",
				);
				GCC_WARN_64_TO_32_BIT_CONVERSION = YES;
				GCC_WARN_ABOUT_RETURN_TYPE = YES_ERROR;
				GCC_WARN_UNDECLARED_SELECTOR = YES;
				GCC_WARN_UNINITIALIZED_AUTOS = YES_AGGRESSIVE;
				GCC_WARN_UNUSED_FUNCTION = YES;
				GCC_WARN_UNUSED_VARIABLE = YES;
				IPHONEOS_DEPLOYMENT_TARGET = 17.4;
				LOCALIZATION_PREFERS_STRING_CATALOGS = YES;
				MTL_ENABLE_DEBUG_INFO = INCLUDE_SOURCE;
				MTL_FAST_MATH = YES;
				ONLY_ACTIVE_ARCH = YES;
				SDKROOT = iphoneos;
				SWIFT_ACTIVE_COMPILATION_CONDITIONS = "DEBUG $(inherited)";
				SWIFT_OPTIMIZATION_LEVEL = "-Onone";
			};
			name = Debug;
		};
		C2AECA282BE0D4160016177C /* Release */ = {
			isa = XCBuildConfiguration;
			buildSettings = {
				ALWAYS_SEARCH_USER_PATHS = NO;
				ASSETCATALOG_COMPILER_GENERATE_SWIFT_ASSET_SYMBOL_EXTENSIONS = YES;
				CLANG_ANALYZER_NONNULL = YES;
				CLANG_ANALYZER_NUMBER_OBJECT_CONVERSION = YES_AGGRESSIVE;
				CLANG_CXX_LANGUAGE_STANDARD = "gnu++20";
				CLANG_ENABLE_MODULES = YES;
				CLANG_ENABLE_OBJC_ARC = YES;
				CLANG_ENABLE_OBJC_WEAK = YES;
				CLANG_WARN_BLOCK_CAPTURE_AUTORELEASING = YES;
				CLANG_WARN_BOOL_CONVERSION = YES;
				CLANG_WARN_COMMA = YES;
				CLANG_WARN_CONSTANT_CONVERSION = YES;
				CLANG_WARN_DEPRECATED_OBJC_IMPLEMENTATIONS = YES;
				CLANG_WARN_DIRECT_OBJC_ISA_USAGE = YES_ERROR;
				CLANG_WARN_DOCUMENTATION_COMMENTS = YES;
				CLANG_WARN_EMPTY_BODY = YES;
				CLANG_WARN_ENUM_CONVERSION = YES;
				CLANG_WARN_INFINITE_RECURSION = YES;
				CLANG_WARN_INT_CONVERSION = YES;
				CLANG_WARN_NON_LITERAL_NULL_CONVERSION = YES;
				CLANG_WARN_OBJC_IMPLICIT_RETAIN_SELF = YES;
				CLANG_WARN_OBJC_LITERAL_CONVERSION = YES;
				CLANG_WARN_OBJC_ROOT_CLASS = YES_ERROR;
				CLANG_WARN_QUOTED_INCLUDE_IN_FRAMEWORK_HEADER = YES;
				CLANG_WARN_RANGE_LOOP_ANALYSIS = YES;
				CLANG_WARN_STRICT_PROTOTYPES = YES;
				CLANG_WARN_SUSPICIOUS_MOVE = YES;
				CLANG_WARN_UNGUARDED_AVAILABILITY = YES_AGGRESSIVE;
				CLANG_WARN_UNREACHABLE_CODE = YES;
				CLANG_WARN__DUPLICATE_METHOD_MATCH = YES;
				COPY_PHASE_STRIP = NO;
				DEBUG_INFORMATION_FORMAT = "dwarf-with-dsym";
				ENABLE_NS_ASSERTIONS = NO;
				ENABLE_STRICT_OBJC_MSGSEND = YES;
				ENABLE_USER_SCRIPT_SANDBOXING = YES;
				GCC_C_LANGUAGE_STANDARD = gnu17;
				GCC_NO_COMMON_BLOCKS = YES;
				GCC_WARN_64_TO_32_BIT_CONVERSION = YES;
				GCC_WARN_ABOUT_RETURN_TYPE = YES_ERROR;
				GCC_WARN_UNDECLARED_SELECTOR = YES;
				GCC_WARN_UNINITIALIZED_AUTOS = YES_AGGRESSIVE;
				GCC_WARN_UNUSED_FUNCTION = YES;
				GCC_WARN_UNUSED_VARIABLE = YES;
				IPHONEOS_DEPLOYMENT_TARGET = 17.4;
				LOCALIZATION_PREFERS_STRING_CATALOGS = YES;
				MTL_ENABLE_DEBUG_INFO = NO;
				MTL_FAST_MATH = YES;
				SDKROOT = iphoneos;
				SWIFT_COMPILATION_MODE = wholemodule;
				VALIDATE_PRODUCT = YES;
			};
			name = Release;
		};
		C2AECA2A2BE0D4160016177C /* Debug */ = {
			isa = XCBuildConfiguration;
			buildSettings = {
				ASSETCATALOG_COMPILER_APPICON_NAME = AppIcon;
				ASSETCATALOG_COMPILER_GLOBAL_ACCENT_COLOR_NAME = AccentColor;
				CODE_SIGN_STYLE = Automatic;
				CURRENT_PROJECT_VERSION = 1;
				DEVELOPMENT_TEAM = 7S73LM65L7;
				GENERATE_INFOPLIST_FILE = YES;
				INFOPLIST_FILE = MVVM/Info.plist;
				INFOPLIST_KEY_UIApplicationSupportsIndirectInputEvents = YES;
				INFOPLIST_KEY_UILaunchStoryboardName = LaunchScreen;
				INFOPLIST_KEY_UISupportedInterfaceOrientations_iPad = "UIInterfaceOrientationPortrait UIInterfaceOrientationPortraitUpsideDown UIInterfaceOrientationLandscapeLeft UIInterfaceOrientationLandscapeRight";
				INFOPLIST_KEY_UISupportedInterfaceOrientations_iPhone = "UIInterfaceOrientationPortrait UIInterfaceOrientationLandscapeLeft UIInterfaceOrientationLandscapeRight";
				LD_RUNPATH_SEARCH_PATHS = (
					"$(inherited)",
					"@executable_path/Frameworks",
				);
				MARKETING_VERSION = 1.0;
				PRODUCT_BUNDLE_IDENTIFIER = paramithatm.MVVM;
				PRODUCT_NAME = "$(TARGET_NAME)";
				SWIFT_EMIT_LOC_STRINGS = YES;
				SWIFT_VERSION = 5.0;
				TARGETED_DEVICE_FAMILY = "1,2";
			};
			name = Debug;
		};
		C2AECA2B2BE0D4160016177C /* Release */ = {
			isa = XCBuildConfiguration;
			buildSettings = {
				ASSETCATALOG_COMPILER_APPICON_NAME = AppIcon;
				ASSETCATALOG_COMPILER_GLOBAL_ACCENT_COLOR_NAME = AccentColor;
				CODE_SIGN_STYLE = Automatic;
				CURRENT_PROJECT_VERSION = 1;
				DEVELOPMENT_TEAM = 7S73LM65L7;
				GENERATE_INFOPLIST_FILE = YES;
				INFOPLIST_FILE = MVVM/Info.plist;
				INFOPLIST_KEY_UIApplicationSupportsIndirectInputEvents = YES;
				INFOPLIST_KEY_UILaunchStoryboardName = LaunchScreen;
				INFOPLIST_KEY_UISupportedInterfaceOrientations_iPad = "UIInterfaceOrientationPortrait UIInterfaceOrientationPortraitUpsideDown UIInterfaceOrientationLandscapeLeft UIInterfaceOrientationLandscapeRight";
				INFOPLIST_KEY_UISupportedInterfaceOrientations_iPhone = "UIInterfaceOrientationPortrait UIInterfaceOrientationLandscapeLeft UIInterfaceOrientationLandscapeRight";
				LD_RUNPATH_SEARCH_PATHS = (
					"$(inherited)",
					"@executable_path/Frameworks",
				);
				MARKETING_VERSION = 1.0;
				PRODUCT_BUNDLE_IDENTIFIER = paramithatm.MVVM;
				PRODUCT_NAME = "$(TARGET_NAME)";
				SWIFT_EMIT_LOC_STRINGS = YES;
				SWIFT_VERSION = 5.0;
				TARGETED_DEVICE_FAMILY = "1,2";
			};
			name = Release;
		};
/* End XCBuildConfiguration section */

/* Begin XCConfigurationList section */
		C2AECA102BE0D4130016177C /* Build configuration list for PBXProject "MVVM" */ = {
			isa = XCConfigurationList;
			buildConfigurations = (
				C2AECA272BE0D4160016177C /* Debug */,
				C2AECA282BE0D4160016177C /* Release */,
			);
			defaultConfigurationIsVisible = 0;
			defaultConfigurationName = Release;
		};
		C2AECA292BE0D4160016177C /* Build configuration list for PBXNativeTarget "MVVM" */ = {
			isa = XCConfigurationList;
			buildConfigurations = (
				C2AECA2A2BE0D4160016177C /* Debug */,
				C2AECA2B2BE0D4160016177C /* Release */,
			);
			defaultConfigurationIsVisible = 0;
			defaultConfigurationName = Release;
		};
/* End XCConfigurationList section */

/* Begin XCRemoteSwiftPackageReference section */
		C2AECA2C2BE0D4C30016177C /* XCRemoteSwiftPackageReference "RxSwift" */ = {
			isa = XCRemoteSwiftPackageReference;
			repositoryURL = "https://github.com/ReactiveX/RxSwift.git";
			requirement = {
				kind = upToNextMajorVersion;
				minimumVersion = 6.7.0;
			};
		};
		C2AECA332BE0D4F40016177C /* XCRemoteSwiftPackageReference "Moya" */ = {
			isa = XCRemoteSwiftPackageReference;
			repositoryURL = "https://github.com/Moya/Moya.git";
			requirement = {
				kind = upToNextMajorVersion;
				minimumVersion = 15.0.3;
			};
		};
		C2AECA3A2BE0D5630016177C /* XCRemoteSwiftPackageReference "Kingfisher" */ = {
			isa = XCRemoteSwiftPackageReference;
			repositoryURL = "https://github.com/onevcat/Kingfisher.git";
			requirement = {
				kind = upToNextMajorVersion;
				minimumVersion = 7.11.0;
			};
		};
/* End XCRemoteSwiftPackageReference section */

/* Begin XCSwiftPackageProductDependency section */
		C2AECA2D2BE0D4C30016177C /* RxBlocking */ = {
			isa = XCSwiftPackageProductDependency;
			package = C2AECA2C2BE0D4C30016177C /* XCRemoteSwiftPackageReference "RxSwift" */;
			productName = RxBlocking;
		};
		C2AECA2F2BE0D4C30016177C /* RxCocoa */ = {
			isa = XCSwiftPackageProductDependency;
			package = C2AECA2C2BE0D4C30016177C /* XCRemoteSwiftPackageReference "RxSwift" */;
			productName = RxCocoa;
		};
		C2AECA312BE0D4C30016177C /* RxSwift */ = {
			isa = XCSwiftPackageProductDependency;
			package = C2AECA2C2BE0D4C30016177C /* XCRemoteSwiftPackageReference "RxSwift" */;
			productName = RxSwift;
		};
		C2AECA342BE0D4F40016177C /* CombineMoya */ = {
			isa = XCSwiftPackageProductDependency;
			package = C2AECA332BE0D4F40016177C /* XCRemoteSwiftPackageReference "Moya" */;
			productName = CombineMoya;
		};
		C2AECA362BE0D4F40016177C /* Moya */ = {
			isa = XCSwiftPackageProductDependency;
			package = C2AECA332BE0D4F40016177C /* XCRemoteSwiftPackageReference "Moya" */;
			productName = Moya;
		};
		C2AECA382BE0D4F40016177C /* RxMoya */ = {
			isa = XCSwiftPackageProductDependency;
			package = C2AECA332BE0D4F40016177C /* XCRemoteSwiftPackageReference "Moya" */;
			productName = RxMoya;
		};
		C2AECA3B2BE0D5630016177C /* Kingfisher */ = {
			isa = XCSwiftPackageProductDependency;
			package = C2AECA3A2BE0D5630016177C /* XCRemoteSwiftPackageReference "Kingfisher" */;
			productName = Kingfisher;
		};
/* End XCSwiftPackageProductDependency section */
	};
	rootObject = C2AECA0D2BE0D4130016177C /* Project object */;
}
